
Microsoft Visual Studio Solution File, Format Version 12.00
# Visual Studio 15
Project("{FAE04EC0-301F-11D3-BF4B-00C04F79EFBC}") = "Unity.Timeline", "Unity.Timeline.csproj", "{2C3FB9F5-2350-BFC4-5C6B-42322B4BDD8A}"
EndProject
Project("{FAE04EC0-301F-11D3-BF4B-00C04F79EFBC}") = "Unity.TestTools.CodeCoverage.Editor", "Unity.TestTools.CodeCoverage.Editor.csproj", "{893394A4-CF74-BF55-A78E-E8D88146B545}"
EndProject
Project("{FAE04EC0-301F-11D3-BF4B-00C04F79EFBC}") = "Unity.PlasticSCM.Editor", "Unity.PlasticSCM.Editor.csproj", "{90AF2AB2-1E67-E37B-FA13-CABA975CE0B8}"
EndProject
Project("{FAE04EC0-301F-11D3-BF4B-00C04F79EFBC}") = "Unity.InputSystem", "Unity.InputSystem.csproj", "{25913F09-2F2C-71B4-8A99-D3DE2ECBC608}"
EndProject
Project("{FAE04EC0-301F-11D3-BF4B-00C04F79EFBC}") = "Unity.VisualScripting.Flow", "Unity.VisualScripting.Flow.csproj", "{9092C3D2-4EEE-C779-6FB6-C8015CCD4A59}"
EndProject
Project("{FAE04EC0-301F-11D3-BF4B-00C04F79EFBC}") = "Unity.Timeline.Editor", "Unity.Timeline.Editor.csproj", "{D28B9ACE-BE37-5EF2-2709-A99D6C0679C1}"
EndProject
Project("{FAE04EC0-301F-11D3-BF4B-00C04F79EFBC}") = "Unity.VisualScripting.Core.Editor", "Unity.VisualScripting.Core.Editor.csproj", "{12C1B98F-488D-1621-B388-790B2761D623}"
EndProject
Project("{FAE04EC0-301F-11D3-BF4B-00C04F79EFBC}") = "UnityEditor.TestRunner", "UnityEditor.TestRunner.csproj", "{177264D5-4F84-F9E3-601A-57B9693521DD}"
EndProject
Project("{FAE04EC0-301F-11D3-BF4B-00C04F79EFBC}") = "UnityEngine.TestRunner", "UnityEngine.TestRunner.csproj", "{0F8BF9EC-65BD-D09B-F946-D31A0B587DD7}"
EndProject
Project("{FAE04EC0-301F-11D3-BF4B-00C04F79EFBC}") = "Unity.VisualScripting.Core", "Unity.VisualScripting.Core.csproj", "{62BB9219-2C6A-C76A-D707-BAF26F479B24}"
EndProject
Project("{FAE04EC0-301F-11D3-BF4B-00C04F79EFBC}") = "Unity.VisualScripting.Flow.Editor", "Unity.VisualScripting.Flow.Editor.csproj", "{FAE22D95-B18D-2EC6-E1D4-8F071BFC41E3}"
EndProject
Project("{FAE04EC0-301F-11D3-BF4B-00C04F79EFBC}") = "Unity.AI.Navigation.Editor", "Unity.AI.Navigation.Editor.csproj", "{74E6EDAD-D6A3-DDB4-701D-D3286D219020}"
EndProject
Project("{FAE04EC0-301F-11D3-BF4B-00C04F79EFBC}") = "Unity.VisualStudio.Editor", "Unity.VisualStudio.Editor.csproj", "{A8C01F13-9B89-DFFE-D344-FED6FE3AD07D}"
EndProject
Project("{FAE04EC0-301F-11D3-BF4B-00C04F79EFBC}") = "Unity.Cursor.Editor", "Unity.Cursor.Editor.csproj", "{745ECD15-2247-D7D9-7FFF-31FCCE966759}"
EndProject
Project("{FAE04EC0-301F-11D3-BF4B-00C04F79EFBC}") = "Unity.TestTools.CodeCoverage.Editor.OpenCover.Model", "Unity.TestTools.CodeCoverage.Editor.OpenCover.Model.csproj", "{B879F9B1-C22E-3B0F-A1F1-CEA9DC9B19A7}"
EndProject
Project("{FAE04EC0-301F-11D3-BF4B-00C04F79EFBC}") = "Unity.Rider.Editor", "Unity.Rider.Editor.csproj", "{3C44A1C7-CEB7-A91D-B082-26E6679C88F2}"
EndProject
Project("{FAE04EC0-301F-11D3-BF4B-00C04F79EFBC}") = "Unity.CollabProxy.Editor", "Unity.CollabProxy.Editor.csproj", "{E7A1E6A2-BC2B-5946-4F90-EC6C4FFE1D63}"
EndProject
Project("{FAE04EC0-301F-11D3-BF4B-00C04F79EFBC}") = "Unity.AI.Navigation.Editor.ConversionSystem", "Unity.AI.Navigation.Editor.ConversionSystem.csproj", "{A5D0968E-1F98-45E1-21B9-03068C50016F}"
EndProject
Project("{FAE04EC0-301F-11D3-BF4B-00C04F79EFBC}") = "Unity.VisualScripting.State.Editor", "Unity.VisualScripting.State.Editor.csproj", "{C6B26EEC-011E-600D-5A9C-5011449EC1A9}"
EndProject
Project("{FAE04EC0-301F-11D3-BF4B-00C04F79EFBC}") = "Unity.Postprocessing.Runtime", "Unity.Postprocessing.Runtime.csproj", "{750B1CFF-8B21-DF07-B816-D21BB4D125E9}"
EndProject
Project("{FAE04EC0-301F-11D3-BF4B-00C04F79EFBC}") = "Unity.Postprocessing.Editor", "Unity.Postprocessing.Editor.csproj", "{E3364314-8D32-86D0-A789-868F100E4391}"
EndProject
Project("{FAE04EC0-301F-11D3-BF4B-00C04F79EFBC}") = "Unity.AI.Navigation", "Unity.AI.Navigation.csproj", "{0516CD3A-540D-6F08-5313-5D7E46DFCFD8}"
EndProject
Project("{FAE04EC0-301F-11D3-BF4B-00C04F79EFBC}") = "Unity.VisualScripting.State", "Unity.VisualScripting.State.csproj", "{D7B09B43-7B32-9DCD-F78E-BC63B3454DE3}"
EndProject
Project("{FAE04EC0-301F-11D3-BF4B-00C04F79EFBC}") = "Unity.Performance.Profile-Analyzer.Editor", "Unity.Performance.Profile-Analyzer.Editor.csproj", "{ACB1F641-E97B-C91E-DF57-C0693E26EA82}"
EndProject
Project("{FAE04EC0-301F-11D3-BF4B-00C04F79EFBC}") = "Unity.VisualScripting.SettingsProvider.Editor", "Unity.VisualScripting.SettingsProvider.Editor.csproj", "{6C96197B-4374-B98A-9EF3-A61593C7FFEC}"
EndProject
Project("{FAE04EC0-301F-11D3-BF4B-00C04F79EFBC}") = "Unity.TestTools.CodeCoverage.Editor.OpenCover.Mono.Reflection", "Unity.TestTools.CodeCoverage.Editor.OpenCover.Mono.Reflection.csproj", "{458142C1-1A15-6152-656E-E1986F54CEDD}"
EndProject
Project("{FAE04EC0-301F-11D3-BF4B-00C04F79EFBC}") = "Assembly-CSharp", "Assembly-CSharp.csproj", "{CFCE0E22-946C-D379-0C1D-A28D4915691D}"
EndProject
Project("{FAE04EC0-301F-11D3-BF4B-00C04F79EFBC}") = "Unity.AI.Navigation.Updater", "Unity.AI.Navigation.Updater.csproj", "{6E1AE54C-1E1F-C5FC-4563-8794A1A5C03F}"
EndProject
Project("{FAE04EC0-301F-11D3-BF4B-00C04F79EFBC}") = "Unity.Settings.Editor", "Unity.Settings.Editor.csproj", "{6A9AA604-FB8B-A1A4-9B18-AB66F9F1FB29}"
EndProject
Project("{FAE04EC0-301F-11D3-BF4B-00C04F79EFBC}") = "Unity.InputSystem.DocCodeSamples", "Unity.InputSystem.DocCodeSamples.csproj", "{192403C7-DA69-053F-2A59-01C06EFB9E72}"
EndProject
Project("{FAE04EC0-301F-11D3-BF4B-00C04F79EFBC}") = "Unity.InputSystem.ForUI", "Unity.InputSystem.ForUI.csproj", "{EE042349-F31F-A3B2-68E3-6012C6A4E573}"
EndProject
Project("{FAE04EC0-301F-11D3-BF4B-00C04F79EFBC}") = "Unity.InputSystem.TestFramework", "Unity.InputSystem.TestFramework.csproj", "{C84B6B7B-FD2B-878A-E531-7C56656F5445}"
EndProject
Project("{FAE04EC0-301F-11D3-BF4B-00C04F79EFBC}") = "Unity.VisualScripting.Shared.Editor", "Unity.VisualScripting.Shared.Editor.csproj", "{50EA7AB7-9A97-C6CF-D401-1225591A3558}"
EndProject
Project("{FAE04EC0-301F-11D3-BF4B-00C04F79EFBC}") = "Unity.EditorCoroutines.Editor", "Unity.EditorCoroutines.Editor.csproj", "{35D1E846-FBEB-171C-A64F-5C7DF93EA547}"
EndProject
Global
	GlobalSection(SolutionConfigurationPlatforms) = preSolution
		Debug|Any CPU = Debug|Any CPU
		Release|Any CPU = Release|Any CPU
	EndGlobalSection
	GlobalSection(ProjectConfigurationPlatforms) = postSolution
		{2C3FB9F5-2350-BFC4-5C6B-42322B4BDD8A}.Debug|Any CPU.ActiveCfg = Debug|Any CPU
		{2C3FB9F5-2350-BFC4-5C6B-42322B4BDD8A}.Debug|Any CPU.Build.0 = Debug|Any CPU
		{2C3FB9F5-2350-BFC4-5C6B-42322B4BDD8A}.Release|Any CPU.ActiveCfg = Release|Any CPU
		{2C3FB9F5-2350-BFC4-5C6B-42322B4BDD8A}.Release|Any CPU.Build.0 = Release|Any CPU
		{893394A4-CF74-BF55-A78E-E8D88146B545}.Debug|Any CPU.ActiveCfg = Debug|Any CPU
		{893394A4-CF74-BF55-A78E-E8D88146B545}.Debug|Any CPU.Build.0 = Debug|Any CPU
		{893394A4-CF74-BF55-A78E-E8D88146B545}.Release|Any CPU.ActiveCfg = Release|Any CPU
		{893394A4-CF74-BF55-A78E-E8D88146B545}.Release|Any CPU.Build.0 = Release|Any CPU
		{90AF2AB2-1E67-E37B-FA13-CABA975CE0B8}.Debug|Any CPU.ActiveCfg = Debug|Any CPU
		{90AF2AB2-1E67-E37B-FA13-CABA975CE0B8}.Debug|Any CPU.Build.0 = Debug|Any CPU
		{90AF2AB2-1E67-E37B-FA13-CABA975CE0B8}.Release|Any CPU.ActiveCfg = Release|Any CPU
		{90AF2AB2-1E67-E37B-FA13-CABA975CE0B8}.Release|Any CPU.Build.0 = Release|Any CPU
		{25913F09-2F2C-71B4-8A99-D3DE2ECBC608}.Debug|Any CPU.ActiveCfg = Debug|Any CPU
		{25913F09-2F2C-71B4-8A99-D3DE2ECBC608}.Debug|Any CPU.Build.0 = Debug|Any CPU
		{25913F09-2F2C-71B4-8A99-D3DE2ECBC608}.Release|Any CPU.ActiveCfg = Release|Any CPU
		{25913F09-2F2C-71B4-8A99-D3DE2ECBC608}.Release|Any CPU.Build.0 = Release|Any CPU
		{9092C3D2-4EEE-C779-6FB6-C8015CCD4A59}.Debug|Any CPU.ActiveCfg = Debug|Any CPU
		{9092C3D2-4EEE-C779-6FB6-C8015CCD4A59}.Debug|Any CPU.Build.0 = Debug|Any CPU
		{9092C3D2-4EEE-C779-6FB6-C8015CCD4A59}.Release|Any CPU.ActiveCfg = Release|Any CPU
		{9092C3D2-4EEE-C779-6FB6-C8015CCD4A59}.Release|Any CPU.Build.0 = Release|Any CPU
		{D28B9ACE-BE37-5EF2-2709-A99D6C0679C1}.Debug|Any CPU.ActiveCfg = Debug|Any CPU
		{D28B9ACE-BE37-5EF2-2709-A99D6C0679C1}.Debug|Any CPU.Build.0 = Debug|Any CPU
		{D28B9ACE-BE37-5EF2-2709-A99D6C0679C1}.Release|Any CPU.ActiveCfg = Release|Any CPU
		{D28B9ACE-BE37-5EF2-2709-A99D6C0679C1}.Release|Any CPU.Build.0 = Release|Any CPU
		{12C1B98F-488D-1621-B388-790B2761D623}.Debug|Any CPU.ActiveCfg = Debug|Any CPU
		{12C1B98F-488D-1621-B388-790B2761D623}.Debug|Any CPU.Build.0 = Debug|Any CPU
		{12C1B98F-488D-1621-B388-790B2761D623}.Release|Any CPU.ActiveCfg = Release|Any CPU
		{12C1B98F-488D-1621-B388-790B2761D623}.Release|Any CPU.Build.0 = Release|Any CPU
		{177264D5-4F84-F9E3-601A-57B9693521DD}.Debug|Any CPU.ActiveCfg = Debug|Any CPU
		{177264D5-4F84-F9E3-601A-57B9693521DD}.Debug|Any CPU.Build.0 = Debug|Any CPU
		{177264D5-4F84-F9E3-601A-57B9693521DD}.Release|Any CPU.ActiveCfg = Release|Any CPU
		{177264D5-4F84-F9E3-601A-57B9693521DD}.Release|Any CPU.Build.0 = Release|Any CPU
		{0F8BF9EC-65BD-D09B-F946-D31A0B587DD7}.Debug|Any CPU.ActiveCfg = Debug|Any CPU
		{0F8BF9EC-65BD-D09B-F946-D31A0B587DD7}.Debug|Any CPU.Build.0 = Debug|Any CPU
		{0F8BF9EC-65BD-D09B-F946-D31A0B587DD7}.Release|Any CPU.ActiveCfg = Release|Any CPU
		{0F8BF9EC-65BD-D09B-F946-D31A0B587DD7}.Release|Any CPU.Build.0 = Release|Any CPU
		{62BB9219-2C6A-C76A-D707-BAF26F479B24}.Debug|Any CPU.ActiveCfg = Debug|Any CPU
		{62BB9219-2C6A-C76A-D707-BAF26F479B24}.Debug|Any CPU.Build.0 = Debug|Any CPU
		{62BB9219-2C6A-C76A-D707-BAF26F479B24}.Release|Any CPU.ActiveCfg = Release|Any CPU
		{62BB9219-2C6A-C76A-D707-BAF26F479B24}.Release|Any CPU.Build.0 = Release|Any CPU
		{FAE22D95-B18D-2EC6-E1D4-8F071BFC41E3}.Debug|Any CPU.ActiveCfg = Debug|Any CPU
		{FAE22D95-B18D-2EC6-E1D4-8F071BFC41E3}.Debug|Any CPU.Build.0 = Debug|Any CPU
		{FAE22D95-B18D-2EC6-E1D4-8F071BFC41E3}.Release|Any CPU.ActiveCfg = Release|Any CPU
		{FAE22D95-B18D-2EC6-E1D4-8F071BFC41E3}.Release|Any CPU.Build.0 = Release|Any CPU
		{74E6EDAD-D6A3-DDB4-701D-D3286D219020}.Debug|Any CPU.ActiveCfg = Debug|Any CPU
		{74E6EDAD-D6A3-DDB4-701D-D3286D219020}.Debug|Any CPU.Build.0 = Debug|Any CPU
		{74E6EDAD-D6A3-DDB4-701D-D3286D219020}.Release|Any CPU.ActiveCfg = Release|Any CPU
		{74E6EDAD-D6A3-DDB4-701D-D3286D219020}.Release|Any CPU.Build.0 = Release|Any CPU
		{A8C01F13-9B89-DFFE-D344-FED6FE3AD07D}.Debug|Any CPU.ActiveCfg = Debug|Any CPU
		{A8C01F13-9B89-DFFE-D344-FED6FE3AD07D}.Debug|Any CPU.Build.0 = Debug|Any CPU
		{A8C01F13-9B89-DFFE-D344-FED6FE3AD07D}.Release|Any CPU.ActiveCfg = Release|Any CPU
		{A8C01F13-9B89-DFFE-D344-FED6FE3AD07D}.Release|Any CPU.Build.0 = Release|Any CPU
		{745ECD15-2247-D7D9-7FFF-31FCCE966759}.Debug|Any CPU.ActiveCfg = Debug|Any CPU
		{745ECD15-2247-D7D9-7FFF-31FCCE966759}.Debug|Any CPU.Build.0 = Debug|Any CPU
		{745ECD15-2247-D7D9-7FFF-31FCCE966759}.Release|Any CPU.ActiveCfg = Release|Any CPU
		{745ECD15-2247-D7D9-7FFF-31FCCE966759}.Release|Any CPU.Build.0 = Release|Any CPU
		{B879F9B1-C22E-3B0F-A1F1-CEA9DC9B19A7}.Debug|Any CPU.ActiveCfg = Debug|Any CPU
		{B879F9B1-C22E-3B0F-A1F1-CEA9DC9B19A7}.Debug|Any CPU.Build.0 = Debug|Any CPU
		{B879F9B1-C22E-3B0F-A1F1-CEA9DC9B19A7}.Release|Any CPU.ActiveCfg = Release|Any CPU
		{B879F9B1-C22E-3B0F-A1F1-CEA9DC9B19A7}.Release|Any CPU.Build.0 = Release|Any CPU
		{3C44A1C7-CEB7-A91D-B082-26E6679C88F2}.Debug|Any CPU.ActiveCfg = Debug|Any CPU
		{3C44A1C7-CEB7-A91D-B082-26E6679C88F2}.Debug|Any CPU.Build.0 = Debug|Any CPU
		{3C44A1C7-CEB7-A91D-B082-26E6679C88F2}.Release|Any CPU.ActiveCfg = Release|Any CPU
		{3C44A1C7-CEB7-A91D-B082-26E6679C88F2}.Release|Any CPU.Build.0 = Release|Any CPU
		{E7A1E6A2-BC2B-5946-4F90-EC6C4FFE1D63}.Debug|Any CPU.ActiveCfg = Debug|Any CPU
		{E7A1E6A2-BC2B-5946-4F90-EC6C4FFE1D63}.Debug|Any CPU.Build.0 = Debug|Any CPU
		{E7A1E6A2-BC2B-5946-4F90-EC6C4FFE1D63}.Release|Any CPU.ActiveCfg = Release|Any CPU
		{E7A1E6A2-BC2B-5946-4F90-EC6C4FFE1D63}.Release|Any CPU.Build.0 = Release|Any CPU
		{A5D0968E-1F98-45E1-21B9-03068C50016F}.Debug|Any CPU.ActiveCfg = Debug|Any CPU
		{A5D0968E-1F98-45E1-21B9-03068C50016F}.Debug|Any CPU.Build.0 = Debug|Any CPU
		{A5D0968E-1F98-45E1-21B9-03068C50016F}.Release|Any CPU.ActiveCfg = Release|Any CPU
		{A5D0968E-1F98-45E1-21B9-03068C50016F}.Release|Any CPU.Build.0 = Release|Any CPU
		{C6B26EEC-011E-600D-5A9C-5011449EC1A9}.Debug|Any CPU.ActiveCfg = Debug|Any CPU
		{C6B26EEC-011E-600D-5A9C-5011449EC1A9}.Debug|Any CPU.Build.0 = Debug|Any CPU
		{C6B26EEC-011E-600D-5A9C-5011449EC1A9}.Release|Any CPU.ActiveCfg = Release|Any CPU
		{C6B26EEC-011E-600D-5A9C-5011449EC1A9}.Release|Any CPU.Build.0 = Release|Any CPU
		{750B1CFF-8B21-DF07-B816-D21BB4D125E9}.Debug|Any CPU.ActiveCfg = Debug|Any CPU
		{750B1CFF-8B21-DF07-B816-D21BB4D125E9}.Debug|Any CPU.Build.0 = Debug|Any CPU
		{750B1CFF-8B21-DF07-B816-D21BB4D125E9}.Release|Any CPU.ActiveCfg = Release|Any CPU
		{750B1CFF-8B21-DF07-B816-D21BB4D125E9}.Release|Any CPU.Build.0 = Release|Any CPU
		{E3364314-8D32-86D0-A789-868F100E4391}.Debug|Any CPU.ActiveCfg = Debug|Any CPU
		{E3364314-8D32-86D0-A789-868F100E4391}.Debug|Any CPU.Build.0 = Debug|Any CPU
		{E3364314-8D32-86D0-A789-868F100E4391}.Release|Any CPU.ActiveCfg = Release|Any CPU
		{E3364314-8D32-86D0-A789-868F100E4391}.Release|Any CPU.Build.0 = Release|Any CPU
		{0516CD3A-540D-6F08-5313-5D7E46DFCFD8}.Debug|Any CPU.ActiveCfg = Debug|Any CPU
		{0516CD3A-540D-6F08-5313-5D7E46DFCFD8}.Debug|Any CPU.Build.0 = Debug|Any CPU
		{0516CD3A-540D-6F08-5313-5D7E46DFCFD8}.Release|Any CPU.ActiveCfg = Release|Any CPU
		{0516CD3A-540D-6F08-5313-5D7E46DFCFD8}.Release|Any CPU.Build.0 = Release|Any CPU
		{D7B09B43-7B32-9DCD-F78E-BC63B3454DE3}.Debug|Any CPU.ActiveCfg = Debug|Any CPU
		{D7B09B43-7B32-9DCD-F78E-BC63B3454DE3}.Debug|Any CPU.Build.0 = Debug|Any CPU
		{D7B09B43-7B32-9DCD-F78E-BC63B3454DE3}.Release|Any CPU.ActiveCfg = Release|Any CPU
		{D7B09B43-7B32-9DCD-F78E-BC63B3454DE3}.Release|Any CPU.Build.0 = Release|Any CPU
		{ACB1F641-E97B-C91E-DF57-C0693E26EA82}.Debug|Any CPU.ActiveCfg = Debug|Any CPU
		{ACB1F641-E97B-C91E-DF57-C0693E26EA82}.Debug|Any CPU.Build.0 = Debug|Any CPU
		{ACB1F641-E97B-C91E-DF57-C0693E26EA82}.Release|Any CPU.ActiveCfg = Release|Any CPU
		{ACB1F641-E97B-C91E-DF57-C0693E26EA82}.Release|Any CPU.Build.0 = Release|Any CPU
		{6C96197B-4374-B98A-9EF3-A61593C7FFEC}.Debug|Any CPU.ActiveCfg = Debug|Any CPU
		{6C96197B-4374-B98A-9EF3-A61593C7FFEC}.Debug|Any CPU.Build.0 = Debug|Any CPU
		{6C96197B-4374-B98A-9EF3-A61593C7FFEC}.Release|Any CPU.ActiveCfg = Release|Any CPU
		{6C96197B-4374-B98A-9EF3-A61593C7FFEC}.Release|Any CPU.Build.0 = Release|Any CPU
		{458142C1-1A15-6152-656E-E1986F54CEDD}.Debug|Any CPU.ActiveCfg = Debug|Any CPU
		{458142C1-1A15-6152-656E-E1986F54CEDD}.Debug|Any CPU.Build.0 = Debug|Any CPU
		{458142C1-1A15-6152-656E-E1986F54CEDD}.Release|Any CPU.ActiveCfg = Release|Any CPU
		{458142C1-1A15-6152-656E-E1986F54CEDD}.Release|Any CPU.Build.0 = Release|Any CPU
		{CFCE0E22-946C-D379-0C1D-A28D4915691D}.Debug|Any CPU.ActiveCfg = Debug|Any CPU
		{CFCE0E22-946C-D379-0C1D-A28D4915691D}.Debug|Any CPU.Build.0 = Debug|Any CPU
		{CFCE0E22-946C-D379-0C1D-A28D4915691D}.Release|Any CPU.ActiveCfg = Release|Any CPU
		{CFCE0E22-946C-D379-0C1D-A28D4915691D}.Release|Any CPU.Build.0 = Release|Any CPU
		{6E1AE54C-1E1F-C5FC-4563-8794A1A5C03F}.Debug|Any CPU.ActiveCfg = Debug|Any CPU
		{6E1AE54C-1E1F-C5FC-4563-8794A1A5C03F}.Debug|Any CPU.Build.0 = Debug|Any CPU
		{6E1AE54C-1E1F-C5FC-4563-8794A1A5C03F}.Release|Any CPU.ActiveCfg = Release|Any CPU
		{6E1AE54C-1E1F-C5FC-4563-8794A1A5C03F}.Release|Any CPU.Build.0 = Release|Any CPU
		{6A9AA604-FB8B-A1A4-9B18-AB66F9F1FB29}.Debug|Any CPU.ActiveCfg = Debug|Any CPU
		{6A9AA604-FB8B-A1A4-9B18-AB66F9F1FB29}.Debug|Any CPU.Build.0 = Debug|Any CPU
		{6A9AA604-FB8B-A1A4-9B18-AB66F9F1FB29}.Release|Any CPU.ActiveCfg = Release|Any CPU
		{6A9AA604-FB8B-A1A4-9B18-AB66F9F1FB29}.Release|Any CPU.Build.0 = Release|Any CPU
		{192403C7-DA69-053F-2A59-01C06EFB9E72}.Debug|Any CPU.ActiveCfg = Debug|Any CPU
		{192403C7-DA69-053F-2A59-01C06EFB9E72}.Debug|Any CPU.Build.0 = Debug|Any CPU
		{192403C7-DA69-053F-2A59-01C06EFB9E72}.Release|Any CPU.ActiveCfg = Release|Any CPU
		{192403C7-DA69-053F-2A59-01C06EFB9E72}.Release|Any CPU.Build.0 = Release|Any CPU
		{EE042349-F31F-A3B2-68E3-6012C6A4E573}.Debug|Any CPU.ActiveCfg = Debug|Any CPU
		{EE042349-F31F-A3B2-68E3-6012C6A4E573}.Debug|Any CPU.Build.0 = Debug|Any CPU
		{EE042349-F31F-A3B2-68E3-6012C6A4E573}.Release|Any CPU.ActiveCfg = Release|Any CPU
		{EE042349-F31F-A3B2-68E3-6012C6A4E573}.Release|Any CPU.Build.0 = Release|Any CPU
		{C84B6B7B-FD2B-878A-E531-7C56656F5445}.Debug|Any CPU.ActiveCfg = Debug|Any CPU
		{C84B6B7B-FD2B-878A-E531-7C56656F5445}.Debug|Any CPU.Build.0 = Debug|Any CPU
		{C84B6B7B-FD2B-878A-E531-7C56656F5445}.Release|Any CPU.ActiveCfg = Release|Any CPU
		{C84B6B7B-FD2B-878A-E531-7C56656F5445}.Release|Any CPU.Build.0 = Release|Any CPU
		{50EA7AB7-9A97-C6CF-D401-1225591A3558}.Debug|Any CPU.ActiveCfg = Debug|Any CPU
		{50EA7AB7-9A97-C6CF-D401-1225591A3558}.Debug|Any CPU.Build.0 = Debug|Any CPU
		{50EA7AB7-9A97-C6CF-D401-1225591A3558}.Release|Any CPU.ActiveCfg = Release|Any CPU
		{50EA7AB7-9A97-C6CF-D401-1225591A3558}.Release|Any CPU.Build.0 = Release|Any CPU
		{35D1E846-FBEB-171C-A64F-5C7DF93EA547}.Debug|Any CPU.ActiveCfg = Debug|Any CPU
		{35D1E846-FBEB-171C-A64F-5C7DF93EA547}.Debug|Any CPU.Build.0 = Debug|Any CPU
		{35D1E846-FBEB-171C-A64F-5C7DF93EA547}.Release|Any CPU.ActiveCfg = Release|Any CPU
		{35D1E846-FBEB-171C-A64F-5C7DF93EA547}.Release|Any CPU.Build.0 = Release|Any CPU
	EndGlobalSection
	GlobalSection(SolutionProperties) = preSolution
		HideSolutionNode = FALSE
	EndGlobalSection
EndGlobal
